
Microsoft Visual Studio Solution File, Format Version 12.00
# Visual Studio Version 17
VisualStudioVersion = 17.0.32014.148
MinimumVisualStudioVersion = 10.0.40219.1
Project("{FAE04EC0-301F-11D3-BF4B-00C04F79EFBC}") = "Xadrez-Console", "Xadrez-Console\Xadrez-Console.csproj", "{9E6F23CD-DDE2-4EAB-8CB3-FAD94D5D761F}"
EndProject
Global
	GlobalSection(SolutionConfigurationPlatforms) = preSolution
		Debug|Any CPU = Debug|Any CPU
		Release|Any CPU = Release|Any CPU
	EndGlobalSection
	GlobalSection(ProjectConfigurationPlatforms) = postSolution
		{9E6F23CD-DDE2-4EAB-8CB3-FAD94D5D761F}.Debug|Any CPU.ActiveCfg = Debug|Any CPU
		{9E6F23CD-DDE2-4EAB-8CB3-FAD94D5D761F}.Debug|Any CPU.Build.0 = Debug|Any CPU
		{9E6F23CD-DDE2-4EAB-8CB3-FAD94D5D761F}.Release|Any CPU.ActiveCfg = Release|Any CPU
		{9E6F23CD-DDE2-4EAB-8CB3-FAD94D5D761F}.Release|Any CPU.Build.0 = Release|Any CPU
	EndGlobalSection
	GlobalSection(SolutionProperties) = preSolution
		HideSolutionNode = FALSE
	EndGlobalSection
	GlobalSection(ExtensibilityGlobals) = postSolution
		SolutionGuid = {39EA3B81-E4B1-4A83-9722-9114786B9CAE}
	EndGlobalSection
EndGlobal
